
Microsoft Visual Studio Solution File, Format Version 12.00
# Visual Studio Version 16
VisualStudioVersion = 16.0.31424.327
MinimumVisualStudioVersion = 10.0.40219.1
Project("{FAE04EC0-301F-11D3-BF4B-00C04F79EFBC}") = "Consultorio", "Consultorio\Consultorio.csproj", "{44ACB8D9-EA4B-4AB0-8411-8AC1A3CA3C9B}"
EndProject
Global
	GlobalSection(SolutionConfigurationPlatforms) = preSolution
		Debug|Any CPU = Debug|Any CPU
		Release|Any CPU = Release|Any CPU
	EndGlobalSection
	GlobalSection(ProjectConfigurationPlatforms) = postSolution
		{44ACB8D9-EA4B-4AB0-8411-8AC1A3CA3C9B}.Debug|Any CPU.ActiveCfg = Debug|Any CPU
		{44ACB8D9-EA4B-4AB0-8411-8AC1A3CA3C9B}.Debug|Any CPU.Build.0 = Debug|Any CPU
		{44ACB8D9-EA4B-4AB0-8411-8AC1A3CA3C9B}.Release|Any CPU.ActiveCfg = Release|Any CPU
		{44ACB8D9-EA4B-4AB0-8411-8AC1A3CA3C9B}.Release|Any CPU.Build.0 = Release|Any CPU
	EndGlobalSection
	GlobalSection(SolutionProperties) = preSolution
		HideSolutionNode = FALSE
	EndGlobalSection
	GlobalSection(ExtensibilityGlobals) = postSolution
		SolutionGuid = {4CD897F9-58E9-432A-81C1-B5DBA6B34127}
	EndGlobalSection
EndGlobal
