
Microsoft Visual Studio Solution File, Format Version 12.00
# Visual Studio Version 16
VisualStudioVersion = 16.0.31424.327
MinimumVisualStudioVersion = 10.0.40219.1
Project("{FAE04EC0-301F-11D3-BF4B-00C04F79EFBC}") = "Aula3_POO", "Aula3_POO\Aula3_POO.csproj", "{EE3D70F4-3CF4-41FE-8875-E84A83855093}"
EndProject
Global
	GlobalSection(SolutionConfigurationPlatforms) = preSolution
		Debug|Any CPU = Debug|Any CPU
		Release|Any CPU = Release|Any CPU
	EndGlobalSection
	GlobalSection(ProjectConfigurationPlatforms) = postSolution
		{EE3D70F4-3CF4-41FE-8875-E84A83855093}.Debug|Any CPU.ActiveCfg = Debug|Any CPU
		{EE3D70F4-3CF4-41FE-8875-E84A83855093}.Debug|Any CPU.Build.0 = Debug|Any CPU
		{EE3D70F4-3CF4-41FE-8875-E84A83855093}.Release|Any CPU.ActiveCfg = Release|Any CPU
		{EE3D70F4-3CF4-41FE-8875-E84A83855093}.Release|Any CPU.Build.0 = Release|Any CPU
	EndGlobalSection
	GlobalSection(SolutionProperties) = preSolution
		HideSolutionNode = FALSE
	EndGlobalSection
	GlobalSection(ExtensibilityGlobals) = postSolution
		SolutionGuid = {CBBF896A-BBD0-40BD-9D81-A829759ED9C7}
	EndGlobalSection
EndGlobal
